{
  "lockfile_version": "1",
  "packages": {
    "curl": {
      "resolved": "github:NixOS/nixpkgs/cb82756ecc37fa623f8cf3e88854f9bf7f64af93?narHash=sha256-0JDOal5P7xzzAibvD0yTE3ptyvoVOAL0rcELmDdtSKg%3D#curl",
      "source": "nixpkg",
      "systems": {
        "x86_64-linux": {
          "outputs": [
            {
              "name": "man",
              "path": "/nix/store/0ba8dwwbddc1b7h7yrlnni6l0spdrxkh-curl-8.16.0-man",
              "default": true
            },
            {
              "name": "bin",
              "path": "/nix/store/jxi6bwbmxyzhxi9zm9dzlihca6iv358r-curl-8.16.0-bin",
              "default": true
            }
          ]
        }
      }
    },
    "fd": {
      "resolved": "github:NixOS/nixpkgs/cb82756ecc37fa623f8cf3e88854f9bf7f64af93?narHash=sha256-0JDOal5P7xzzAibvD0yTE3ptyvoVOAL0rcELmDdtSKg%3D#fd",
      "source": "nixpkg",
      "systems": {
        "x86_64-linux": {
          "outputs": [
            {
              "path": "/nix/store/j5yhlkpv72f8y5jwm0qyd86vkagnnnxg-fd-10.3.0",
              "default": true
            }
          ]
        }
      }
    },
    "ffmpeg": {
      "resolved": "github:NixOS/nixpkgs/cb82756ecc37fa623f8cf3e88854f9bf7f64af93?narHash=sha256-0JDOal5P7xzzAibvD0yTE3ptyvoVOAL0rcELmDdtSKg%3D#ffmpeg",
      "source": "nixpkg",
      "systems": {
        "x86_64-linux": {
          "outputs": [
            {
              "name": "bin",
              "path": "/nix/store/gv6hzafnw9var1jnzyn398v710wfybw2-ffmpeg-7.1.1-bin",
              "default": true
            },
            {
              "name": "man",
              "path": "/nix/store/v0ln333dkpxfk4irbzanxlwn9jg319v4-ffmpeg-7.1.1-man",
              "default": true
            }
          ]
        }
      }
    },
    "git@latest": {
      "last_modified": "2025-10-09T02:37:25Z",
      "resolved": "github:NixOS/nixpkgs/2dad7af78a183b6c486702c18af8a9544f298377#git",
      "source": "devbox-search",
      "version": "2.51.0",
      "systems": {
        "aarch64-darwin": {
          "outputs": [
            {
              "name": "out",
              "path": "/nix/store/pm302wxb0pkwi006sz9dviw30mkz5y00-git-2.51.0",
              "default": true
            },
            {
              "name": "doc",
              "path": "/nix/store/wmbsv0kbk7qcbq3d7j9ks0cq05729sgc-git-2.51.0-doc"
            }
          ],
          "store_path": "/nix/store/pm302wxb0pkwi006sz9dviw30mkz5y00-git-2.51.0"
        },
        "aarch64-linux": {
          "outputs": [
            {
              "name": "out",
              "path": "/nix/store/r69a5mdcc3kwnnc6xlq391aybikda4kn-git-2.51.0",
              "default": true
            },
            {
              "name": "debug",
              "path": "/nix/store/23rv1yi353k64ihdkby7nvb4q5zf4nr6-git-2.51.0-debug"
            },
            {
              "name": "doc",
              "path": "/nix/store/prqym8j8s50gbq85y1f0wfiaylrfqjf9-git-2.51.0-doc"
            }
          ],
          "store_path": "/nix/store/r69a5mdcc3kwnnc6xlq391aybikda4kn-git-2.51.0"
        },
        "x86_64-darwin": {
          "outputs": [
            {
              "name": "out",
              "path": "/nix/store/jllay36l7wbc5y76429n1n5sfdmy0frp-git-2.51.0",
              "default": true
            },
            {
              "name": "doc",
              "path": "/nix/store/gmjk0q6m10ld75d8z4hyfhc0izr5jkg0-git-2.51.0-doc"
            }
          ],
          "store_path": "/nix/store/jllay36l7wbc5y76429n1n5sfdmy0frp-git-2.51.0"
        },
        "x86_64-linux": {
          "outputs": [
            {
              "name": "out",
              "path": "/nix/store/0vbjxlqj8zp0pdjl2szvg17a98vqwyqj-git-2.51.0",
              "default": true
            },
            {
              "name": "debug",
              "path": "/nix/store/43p28p01lbl4l1xj4hicpckkdyfdvkr3-git-2.51.0-debug"
            },
            {
              "name": "doc",
              "path": "/nix/store/bjl8dr5jw9cqiy5l62k927nd04qpbgsc-git-2.51.0-doc"
            }
          ],
          "store_path": "/nix/store/0vbjxlqj8zp0pdjl2szvg17a98vqwyqj-git-2.51.0"
        }
      }
    },
    "github:NixOS/nixpkgs/nixpkgs-unstable": {
      "last_modified": "2025-10-20T13:06:07Z",
      "resolved": "github:NixOS/nixpkgs/cb82756ecc37fa623f8cf3e88854f9bf7f64af93?lastModified=1760965567&narHash=sha256-0JDOal5P7xzzAibvD0yTE3ptyvoVOAL0rcELmDdtSKg%3D"
    },
    "glibcLocales@latest": {
      "last_modified": "2025-10-07T08:41:47Z",
      "resolved": "github:NixOS/nixpkgs/bce5fe2bb998488d8e7e7856315f90496723793c#glibcLocales",
      "source": "devbox-search",
      "version": "2.40-66",
      "systems": {
        "aarch64-linux": {
          "outputs": [
            {
              "name": "out",
              "path": "/nix/store/m5rgm9gbncx9nmqalyidnsz85dh5x7dd-glibc-locales-2.40-66",
              "default": true
            }
          ],
          "store_path": "/nix/store/m5rgm9gbncx9nmqalyidnsz85dh5x7dd-glibc-locales-2.40-66"
        },
        "x86_64-linux": {
          "outputs": [
            {
              "name": "out",
              "path": "/nix/store/qr1k8avryysx5m9ggbcds123d7y6f6as-glibc-locales-2.40-66",
              "default": true
            }
          ],
          "store_path": "/nix/store/qr1k8avryysx5m9ggbcds123d7y6f6as-glibc-locales-2.40-66"
        }
      }
    },
    "jq": {
      "resolved": "github:NixOS/nixpkgs/cb82756ecc37fa623f8cf3e88854f9bf7f64af93?narHash=sha256-0JDOal5P7xzzAibvD0yTE3ptyvoVOAL0rcELmDdtSKg%3D#jq",
      "source": "nixpkg",
      "systems": {
        "x86_64-linux": {
          "outputs": [
            {
              "name": "bin",
              "path": "/nix/store/6y8c4kikq5nka2qnza009j03bvkx2l5l-jq-1.8.1-bin",
              "default": true
            },
            {
              "name": "man",
              "path": "/nix/store/gkl03xki3msw3dylzji7gkiwnxmk3pdp-jq-1.8.1-man",
              "default": true
            }
          ]
        }
      }
    },
    "just": {
      "resolved": "github:NixOS/nixpkgs/cb82756ecc37fa623f8cf3e88854f9bf7f64af93?narHash=sha256-0JDOal5P7xzzAibvD0yTE3ptyvoVOAL0rcELmDdtSKg%3D#just",
      "source": "nixpkg",
      "systems": {
        "x86_64-linux": {
          "outputs": [
            {
              "path": "/nix/store/g8lpgqmha8v0vqypvrm5y2w09ydwdcwp-just-1.43.0",
              "default": true
            },
            {
              "name": "man",
              "path": "/nix/store/zj6zgaqa4jr27g13z92dfbm927mgigys-just-1.43.0-man",
              "default": true
            }
          ]
        }
      }
    },
    "postgresql@15": {
      "last_modified": "2024-08-13T00:39:45Z",
      "plugin_version": "0.0.2",
      "resolved": "github:NixOS/nixpkgs/60dfaff009e440faefbaeb20d8dda3239ba4a439#postgresql",
      "source": "devbox-search",
      "version": "15.7",
      "systems": {
        "aarch64-darwin": {
          "outputs": [
            {
              "name": "out",
              "path": "/nix/store/j063gkab0kj312p0r5wlwh8hhs3ivmmv-postgresql-15.7",
              "default": true
            },
            {
              "name": "man",
              "path": "/nix/store/83zyb6qnvn85ilfb4g03yr8zjnc4kw5c-postgresql-15.7-man",
              "default": true
            },
            {
              "name": "doc",
              "path": "/nix/store/w98l40gkbw15cxjajs9wr9aaz1zqq8pv-postgresql-15.7-doc"
            },
            {
              "name": "lib",
              "path": "/nix/store/2lqmjj3nwingqsajwgwym4jjl1plqrxd-postgresql-15.7-lib"
            }
          ],
          "store_path": "/nix/store/j063gkab0kj312p0r5wlwh8hhs3ivmmv-postgresql-15.7"
        },
        "aarch64-linux": {
          "outputs": [
            {
              "name": "out",
              "path": "/nix/store/bm08f8k2gyndfq1mszvdm07jnmwr6nlf-postgresql-15.7",
              "default": true
            },
            {
              "name": "man",
              "path": "/nix/store/yd6qvs38zm55271230hfn4j0rd4029ca-postgresql-15.7-man",
              "default": true
            },
            {
              "name": "debug",
              "path": "/nix/store/m8kdahlx418v1x8pvbjja5zbl8ix4hff-postgresql-15.7-debug"
            },
            {
              "name": "doc",
              "path": "/nix/store/nw2ng4sh1vzih1rrfzlivd2c7ifh9zm2-postgresql-15.7-doc"
            },
            {
              "name": "lib",
              "path": "/nix/store/fvs07mhcygpwy41jhw34kq7ghlcnv4nf-postgresql-15.7-lib"
            }
          ],
          "store_path": "/nix/store/bm08f8k2gyndfq1mszvdm07jnmwr6nlf-postgresql-15.7"
        },
        "x86_64-darwin": {
          "outputs": [
            {
              "name": "out",
              "path": "/nix/store/q4h9xjc0804xkcb0l7kxmp8rbqadlpg9-postgresql-15.7",
              "default": true
            },
            {
              "name": "man",
              "path": "/nix/store/22xrk7r5c4bh12wnmh4xssd1xk06b96l-postgresql-15.7-man",
              "default": true
            },
            {
              "name": "doc",
              "path": "/nix/store/4ynkh5cclgi0jcg42868z764irl32dx3-postgresql-15.7-doc"
            },
            {
              "name": "lib",
              "path": "/nix/store/4bqzgkyvzc7c7i955raibmaqabffsi4y-postgresql-15.7-lib"
            }
          ],
          "store_path": "/nix/store/q4h9xjc0804xkcb0l7kxmp8rbqadlpg9-postgresql-15.7"
        },
        "x86_64-linux": {
          "outputs": [
            {
              "name": "out",
              "path": "/nix/store/8gr5ybhmdkafii5idcg57p66nk1qd6sf-postgresql-15.7",
              "default": true
            },
            {
              "name": "man",
              "path": "/nix/store/0j6lskwq3imd8gdwy5rz9sjmn3c41qbc-postgresql-15.7-man",
              "default": true
            },
            {
              "name": "debug",
              "path": "/nix/store/xw1fhj72fzrlkvapaf1spx19ixqm7394-postgresql-15.7-debug"
            },
            {
              "name": "doc",
              "path": "/nix/store/01snq9n6ka7zkb4dp7k639mbb5p0v5qi-postgresql-15.7-doc"
            },
            {
              "name": "lib",
              "path": "/nix/store/9xj29q1wf5wazv63hn5dxlwsp8k3h5lc-postgresql-15.7-lib"
            }
          ],
          "store_path": "/nix/store/8gr5ybhmdkafii5idcg57p66nk1qd6sf-postgresql-15.7"
        }
      }
    },
    "ripgrep": {
      "resolved": "github:NixOS/nixpkgs/cb82756ecc37fa623f8cf3e88854f9bf7f64af93?narHash=sha256-0JDOal5P7xzzAibvD0yTE3ptyvoVOAL0rcELmDdtSKg%3D#ripgrep",
      "source": "nixpkg",
      "systems": {
        "x86_64-linux": {
          "outputs": [
            {
              "path": "/nix/store/4zd8kh787kmisr097anliq6dz0hhbjxf-ripgrep-15.0.0",
              "default": true
            }
          ]
        }
      }
    },
    "uv": {
      "resolved": "github:NixOS/nixpkgs/cb82756ecc37fa623f8cf3e88854f9bf7f64af93?narHash=sha256-0JDOal5P7xzzAibvD0yTE3ptyvoVOAL0rcELmDdtSKg%3D#uv",
      "source": "nixpkg",
      "systems": {
        "x86_64-linux": {
          "outputs": [
            {
              "path": "/nix/store/jiwzxayklgiacpgj0fivzk7abp7gm6bm-uv-0.8.19",
              "default": true
            }
          ]
        }
      }
    }
  }
}
